
Microsoft Visual Studio Solution File, Format Version 12.00
# Visual Studio Version 17
VisualStudioVersion = 17.3.32929.385
MinimumVisualStudioVersion = 10.0.40219.1
Project("{FAE04EC0-301F-11D3-BF4B-00C04F79EFBC}") = "Bookmaster", "Bookmaster.csproj", "{D7BC17FC-5237-4838-B086-1E2101290416}"
EndProject
Global
	GlobalSection(SolutionConfigurationPlatforms) = preSolution
		Debug|Any CPU = Debug|Any CPU
		Release|Any CPU = Release|Any CPU
	EndGlobalSection
	GlobalSection(ProjectConfigurationPlatforms) = postSolution
		{D7BC17FC-5237-4838-B086-1E2101290416}.Debug|Any CPU.ActiveCfg = Debug|Any CPU
		{D7BC17FC-5237-4838-B086-1E2101290416}.Debug|Any CPU.Build.0 = Debug|Any CPU
		{D7BC17FC-5237-4838-B086-1E2101290416}.Release|Any CPU.ActiveCfg = Release|Any CPU
		{D7BC17FC-5237-4838-B086-1E2101290416}.Release|Any CPU.Build.0 = Release|Any CPU
	EndGlobalSection
	GlobalSection(SolutionProperties) = preSolution
		HideSolutionNode = FALSE
	EndGlobalSection
	GlobalSection(ExtensibilityGlobals) = postSolution
		SolutionGuid = {DD405431-A243-4EDA-B083-0A75213A7129}
	EndGlobalSection
EndGlobal
